
Microsoft Visual Studio Solution File, Format Version 12.00
# Visual Studio Version 17
VisualStudioVersion = 17.14.36401.2 d17.14
MinimumVisualStudioVersion = 10.0.40219.1
Project("{FAE04EC0-301F-11D3-BF4B-00C04F79EFBC}") = "VIPS.Web", "VIPS.Web\VIPS.Web.csproj", "{2DA78DA1-6FF0-409C-B86B-726197CCFB9C}"
EndProject
Global
	GlobalSection(SolutionConfigurationPlatforms) = preSolution
		Debug|Any CPU = Debug|Any CPU
		Release|Any CPU = Release|Any CPU
	EndGlobalSection
	GlobalSection(ProjectConfigurationPlatforms) = postSolution
		{2DA78DA1-6FF0-409C-B86B-726197CCFB9C}.Debug|Any CPU.ActiveCfg = Debug|Any CPU
		{2DA78DA1-6FF0-409C-B86B-726197CCFB9C}.Debug|Any CPU.Build.0 = Debug|Any CPU
		{2DA78DA1-6FF0-409C-B86B-726197CCFB9C}.Release|Any CPU.ActiveCfg = Release|Any CPU
		{2DA78DA1-6FF0-409C-B86B-726197CCFB9C}.Release|Any CPU.Build.0 = Release|Any CPU
	EndGlobalSection
	GlobalSection(SolutionProperties) = preSolution
		HideSolutionNode = FALSE
	EndGlobalSection
	GlobalSection(ExtensibilityGlobals) = postSolution
		SolutionGuid = {966EC401-2B9C-4D31-AA61-2C0F7F46A3A0}
	EndGlobalSection
EndGlobal
